
Microsoft Visual Studio Solution File, Format Version 12.00
# Visual Studio 15
VisualStudioVersion = 15.0.27004.2009
MinimumVisualStudioVersion = 10.0.40219.1
Project("{9A19103F-16F7-4668-BE54-9A1E7A4F7556}") = "VIA.EdgesInRoute", "VIA.EdgesInRoute.csproj", "{35384B1B-B084-4191-9AC5-98575217A9C9}"
EndProject
Global
	GlobalSection(SolutionConfigurationPlatforms) = preSolution
		Debug|Any CPU = Debug|Any CPU
		Release|Any CPU = Release|Any CPU
	EndGlobalSection
	GlobalSection(ProjectConfigurationPlatforms) = postSolution
		{35384B1B-B084-4191-9AC5-98575217A9C9}.Debug|Any CPU.ActiveCfg = Debug|Any CPU
		{35384B1B-B084-4191-9AC5-98575217A9C9}.Debug|Any CPU.Build.0 = Debug|Any CPU
		{35384B1B-B084-4191-9AC5-98575217A9C9}.Release|Any CPU.ActiveCfg = Release|Any CPU
		{35384B1B-B084-4191-9AC5-98575217A9C9}.Release|Any CPU.Build.0 = Release|Any CPU
	EndGlobalSection
	GlobalSection(SolutionProperties) = preSolution
		HideSolutionNode = FALSE
	EndGlobalSection
	GlobalSection(ExtensibilityGlobals) = postSolution
		SolutionGuid = {8CD4ADCA-8C83-4AB2-9C50-7A3A15B97F1C}
	EndGlobalSection
EndGlobal
